
Microsoft Visual Studio Solution File, Format Version 12.00
# Visual Studio Version 16
VisualStudioVersion = 16.0.32510.428
MinimumVisualStudioVersion = 10.0.40219.1
Project("{FAE04EC0-301F-11D3-BF4B-00C04F79EFBC}") = "MongoConsumer", "MongoConsumer\MongoConsumer.csproj", "{866C7510-B71E-414F-972F-06A7F877EBFC}"
EndProject
Project("{FAE04EC0-301F-11D3-BF4B-00C04F79EFBC}") = "SqsService", "SqsService\SqsService.csproj", "{C928926D-B126-4E68-A690-7B2B80ED7EEE}"
EndProject
Project("{FAE04EC0-301F-11D3-BF4B-00C04F79EFBC}") = "SqlService", "SqlService\SqlService.csproj", "{709FC762-6557-4FFA-BE7F-0AA5E4904E47}"
EndProject
Project("{FAE04EC0-301F-11D3-BF4B-00C04F79EFBC}") = "PostgresService", "PostgresService\PostgresService.csproj", "{1A5A5329-2DA1-410C-A354-BAA70B66CC32}"
EndProject
Project("{9A19103F-16F7-4668-BE54-9A1E7A4F7556}") = "PostgresConsumer", "PostgresConsumer\PostgresConsumer.csproj", "{25ACA2B1-1205-4150-B3C9-22A361CFCB7C}"
EndProject
Global
	GlobalSection(SolutionConfigurationPlatforms) = preSolution
		Debug|Any CPU = Debug|Any CPU
		Release|Any CPU = Release|Any CPU
	EndGlobalSection
	GlobalSection(ProjectConfigurationPlatforms) = postSolution
		{866C7510-B71E-414F-972F-06A7F877EBFC}.Debug|Any CPU.ActiveCfg = Debug|Any CPU
		{866C7510-B71E-414F-972F-06A7F877EBFC}.Debug|Any CPU.Build.0 = Debug|Any CPU
		{866C7510-B71E-414F-972F-06A7F877EBFC}.Release|Any CPU.ActiveCfg = Release|Any CPU
		{866C7510-B71E-414F-972F-06A7F877EBFC}.Release|Any CPU.Build.0 = Release|Any CPU
		{C928926D-B126-4E68-A690-7B2B80ED7EEE}.Debug|Any CPU.ActiveCfg = Debug|Any CPU
		{C928926D-B126-4E68-A690-7B2B80ED7EEE}.Debug|Any CPU.Build.0 = Debug|Any CPU
		{C928926D-B126-4E68-A690-7B2B80ED7EEE}.Release|Any CPU.ActiveCfg = Release|Any CPU
		{C928926D-B126-4E68-A690-7B2B80ED7EEE}.Release|Any CPU.Build.0 = Release|Any CPU
		{709FC762-6557-4FFA-BE7F-0AA5E4904E47}.Debug|Any CPU.ActiveCfg = Debug|Any CPU
		{709FC762-6557-4FFA-BE7F-0AA5E4904E47}.Debug|Any CPU.Build.0 = Debug|Any CPU
		{709FC762-6557-4FFA-BE7F-0AA5E4904E47}.Release|Any CPU.ActiveCfg = Release|Any CPU
		{709FC762-6557-4FFA-BE7F-0AA5E4904E47}.Release|Any CPU.Build.0 = Release|Any CPU
		{1A5A5329-2DA1-410C-A354-BAA70B66CC32}.Debug|Any CPU.ActiveCfg = Debug|Any CPU
		{1A5A5329-2DA1-410C-A354-BAA70B66CC32}.Debug|Any CPU.Build.0 = Debug|Any CPU
		{1A5A5329-2DA1-410C-A354-BAA70B66CC32}.Release|Any CPU.ActiveCfg = Release|Any CPU
		{1A5A5329-2DA1-410C-A354-BAA70B66CC32}.Release|Any CPU.Build.0 = Release|Any CPU
		{25ACA2B1-1205-4150-B3C9-22A361CFCB7C}.Debug|Any CPU.ActiveCfg = Debug|Any CPU
		{25ACA2B1-1205-4150-B3C9-22A361CFCB7C}.Debug|Any CPU.Build.0 = Debug|Any CPU
		{25ACA2B1-1205-4150-B3C9-22A361CFCB7C}.Release|Any CPU.ActiveCfg = Release|Any CPU
		{25ACA2B1-1205-4150-B3C9-22A361CFCB7C}.Release|Any CPU.Build.0 = Release|Any CPU
	EndGlobalSection
	GlobalSection(SolutionProperties) = preSolution
		HideSolutionNode = FALSE
	EndGlobalSection
	GlobalSection(ExtensibilityGlobals) = postSolution
		SolutionGuid = {A3D757A0-A8EB-4C8D-8B3D-C4AD2212C88C}
	EndGlobalSection
EndGlobal
